
Microsoft Visual Studio Solution File, Format Version 12.00
# Visual Studio Version 17
VisualStudioVersion = 17.0.32014.148
MinimumVisualStudioVersion = 10.0.40219.1
Project("{FAE04EC0-301F-11D3-BF4B-00C04F79EFBC}") = "Maupki.exe", "Maupki.exe\Maupki.exe.csproj", "{7002648D-B3E7-4A4D-B4B1-F65E566053AD}"
EndProject
Global
	GlobalSection(SolutionConfigurationPlatforms) = preSolution
		Debug|Any CPU = Debug|Any CPU
		Release|Any CPU = Release|Any CPU
	EndGlobalSection
	GlobalSection(ProjectConfigurationPlatforms) = postSolution
		{7002648D-B3E7-4A4D-B4B1-F65E566053AD}.Debug|Any CPU.ActiveCfg = Debug|Any CPU
		{7002648D-B3E7-4A4D-B4B1-F65E566053AD}.Debug|Any CPU.Build.0 = Debug|Any CPU
		{7002648D-B3E7-4A4D-B4B1-F65E566053AD}.Release|Any CPU.ActiveCfg = Release|Any CPU
		{7002648D-B3E7-4A4D-B4B1-F65E566053AD}.Release|Any CPU.Build.0 = Release|Any CPU
	EndGlobalSection
	GlobalSection(SolutionProperties) = preSolution
		HideSolutionNode = FALSE
	EndGlobalSection
	GlobalSection(ExtensibilityGlobals) = postSolution
		SolutionGuid = {783BA31C-80B7-45BE-8FE6-2D4BAE2A781D}
	EndGlobalSection
EndGlobal
